// !$*UTF8*$!
{
	archiveVersion = 1;
	classes = {
	};
	objectVersion = 48;
	objects = {

/* Begin PBXBuildFile section */
		084F0BE91F877456008DBF0E /* AppDelegate.swift in Sources */ = {isa = PBXBuildFile; fileRef = 084F0BE81F877456008DBF0E /* AppDelegate.swift */; };
		084F0BF01F877456008DBF0E /* Assets.xcassets in Resources */ = {isa = PBXBuildFile; fileRef = 084F0BEF1F877456008DBF0E /* Assets.xcassets */; };
		084F0BF31F877456008DBF0E /* LaunchScreen.storyboard in Resources */ = {isa = PBXBuildFile; fileRef = 084F0BF11F877456008DBF0E /* LaunchScreen.storyboard */; };
		084F0BFE1F877457008DBF0E /* SwiftMVPTests.swift in Sources */ = {isa = PBXBuildFile; fileRef = 084F0BFD1F877457008DBF0E /* SwiftMVPTests.swift */; };
		084F0C091F877457008DBF0E /* SwiftMVPUITests.swift in Sources */ = {isa = PBXBuildFile; fileRef = 084F0C081F877457008DBF0E /* SwiftMVPUITests.swift */; };
		084F0C1B1F8774EC008DBF0E /* Dogs.storyboard in Resources */ = {isa = PBXBuildFile; fileRef = 084F0C1A1F8774EC008DBF0E /* Dogs.storyboard */; };
		084F0C1F1F877531008DBF0E /* DogsViewController.swift in Sources */ = {isa = PBXBuildFile; fileRef = 084F0C1E1F877531008DBF0E /* DogsViewController.swift */; };
		084F0C211F87754A008DBF0E /* DogsPresenter.swift in Sources */ = {isa = PBXBuildFile; fileRef = 084F0C201F87754A008DBF0E /* DogsPresenter.swift */; };
		084F0C231F87756B008DBF0E /* DogsService.swift in Sources */ = {isa = PBXBuildFile; fileRef = 084F0C221F87756B008DBF0E /* DogsService.swift */; };
		084F0C251F8775A7008DBF0E /* DogsProtocols.swift in Sources */ = {isa = PBXBuildFile; fileRef = 084F0C241F8775A7008DBF0E /* DogsProtocols.swift */; };
		084F0C271F877652008DBF0E /* DogsViewModel.swift in Sources */ = {isa = PBXBuildFile; fileRef = 084F0C261F877652008DBF0E /* DogsViewModel.swift */; };
		084F0C291F8776C3008DBF0E /* DogsResponsesModel.swift in Sources */ = {isa = PBXBuildFile; fileRef = 084F0C281F8776C3008DBF0E /* DogsResponsesModel.swift */; };
		084F0C2C1F8778D1008DBF0E /* DogsTableViewCell.swift in Sources */ = {isa = PBXBuildFile; fileRef = 084F0C2B1F8778D1008DBF0E /* DogsTableViewCell.swift */; };
		084F0C301F878159008DBF0E /* LoadingView.swift in Sources */ = {isa = PBXBuildFile; fileRef = 084F0C2F1F878159008DBF0E /* LoadingView.swift */; };
		084F0C351F87B0B2008DBF0E /* UIImageView+Extension.swift in Sources */ = {isa = PBXBuildFile; fileRef = 084F0C341F87B0B2008DBF0E /* UIImageView+Extension.swift */; };
		084F0C3B1F87BC5C008DBF0E /* Detail.storyboard in Resources */ = {isa = PBXBuildFile; fileRef = 084F0C3A1F87BC5C008DBF0E /* Detail.storyboard */; };
		084F0C3D1F87BC75008DBF0E /* DetailViewController.swift in Sources */ = {isa = PBXBuildFile; fileRef = 084F0C3C1F87BC75008DBF0E /* DetailViewController.swift */; };
		084F0C3F1F87BCE9008DBF0E /* DetailPresenter.swift in Sources */ = {isa = PBXBuildFile; fileRef = 084F0C3E1F87BCE9008DBF0E /* DetailPresenter.swift */; };
		084F0C411F87BCF0008DBF0E /* DetailService.swift in Sources */ = {isa = PBXBuildFile; fileRef = 084F0C401F87BCF0008DBF0E /* DetailService.swift */; };
		084F0C431F87BCFA008DBF0E /* DetailProtocols.swift in Sources */ = {isa = PBXBuildFile; fileRef = 084F0C421F87BCFA008DBF0E /* DetailProtocols.swift */; };
		084F0C451F87BD4B008DBF0E /* BaseProtocols.swift in Sources */ = {isa = PBXBuildFile; fileRef = 084F0C441F87BD4B008DBF0E /* BaseProtocols.swift */; };
		084F0C471F87BD79008DBF0E /* BaseViewController.swift in Sources */ = {isa = PBXBuildFile; fileRef = 084F0C461F87BD79008DBF0E /* BaseViewController.swift */; };
		084F0C491F87BE3A008DBF0E /* DetailResponseModel.swift in Sources */ = {isa = PBXBuildFile; fileRef = 084F0C481F87BE3A008DBF0E /* DetailResponseModel.swift */; };
		084F0C4B1F87C2EE008DBF0E /* DetailViewModel.swift in Sources */ = {isa = PBXBuildFile; fileRef = 084F0C4A1F87C2ED008DBF0E /* DetailViewModel.swift */; };
		084F0C4D1F87C41C008DBF0E /* DetailCollectionViewCell.swift in Sources */ = {isa = PBXBuildFile; fileRef = 084F0C4C1F87C41C008DBF0E /* DetailCollectionViewCell.swift */; };
/* End PBXBuildFile section */

/* Begin PBXContainerItemProxy section */
		084F0BFA1F877457008DBF0E /* PBXContainerItemProxy */ = {
			isa = PBXContainerItemProxy;
			containerPortal = 084F0BDD1F877456008DBF0E /* Project object */;
			proxyType = 1;
			remoteGlobalIDString = 084F0BE41F877456008DBF0E;
			remoteInfo = SwiftMVP;
		};
		084F0C051F877457008DBF0E /* PBXContainerItemProxy */ = {
			isa = PBXContainerItemProxy;
			containerPortal = 084F0BDD1F877456008DBF0E /* Project object */;
			proxyType = 1;
			remoteGlobalIDString = 084F0BE41F877456008DBF0E;
			remoteInfo = SwiftMVP;
		};
/* End PBXContainerItemProxy section */

/* Begin PBXFileReference section */
		084F0BE51F877456008DBF0E /* SwiftMVP.app */ = {isa = PBXFileReference; explicitFileType = wrapper.application; includeInIndex = 0; path = SwiftMVP.app; sourceTree = BUILT_PRODUCTS_DIR; };
		084F0BE81F877456008DBF0E /* AppDelegate.swift */ = {isa = PBXFileReference; lastKnownFileType = sourcecode.swift; path = AppDelegate.swift; sourceTree = "<group>"; };
		084F0BEF1F877456008DBF0E /* Assets.xcassets */ = {isa = PBXFileReference; lastKnownFileType = folder.assetcatalog; path = Assets.xcassets; sourceTree = "<group>"; };
		084F0BF21F877456008DBF0E /* Base */ = {isa = PBXFileReference; lastKnownFileType = file.storyboard; name = Base; path = Base.lproj/LaunchScreen.storyboard; sourceTree = "<group>"; };
		084F0BF41F877456008DBF0E /* Info.plist */ = {isa = PBXFileReference; lastKnownFileType = text.plist.xml; path = Info.plist; sourceTree = "<group>"; };
		084F0BF91F877457008DBF0E /* SwiftMVPTests.xctest */ = {isa = PBXFileReference; explicitFileType = wrapper.cfbundle; includeInIndex = 0; path = SwiftMVPTests.xctest; sourceTree = BUILT_PRODUCTS_DIR; };
		084F0BFD1F877457008DBF0E /* SwiftMVPTests.swift */ = {isa = PBXFileReference; lastKnownFileType = sourcecode.swift; path = SwiftMVPTests.swift; sourceTree = "<group>"; };
		084F0BFF1F877457008DBF0E /* Info.plist */ = {isa = PBXFileReference; lastKnownFileType = text.plist.xml; path = Info.plist; sourceTree = "<group>"; };
		084F0C041F877457008DBF0E /* SwiftMVPUITests.xctest */ = {isa = PBXFileReference; explicitFileType = wrapper.cfbundle; includeInIndex = 0; path = SwiftMVPUITests.xctest; sourceTree = BUILT_PRODUCTS_DIR; };
		084F0C081F877457008DBF0E /* SwiftMVPUITests.swift */ = {isa = PBXFileReference; lastKnownFileType = sourcecode.swift; path = SwiftMVPUITests.swift; sourceTree = "<group>"; };
		084F0C0A1F877457008DBF0E /* Info.plist */ = {isa = PBXFileReference; lastKnownFileType = text.plist.xml; path = Info.plist; sourceTree = "<group>"; };
		084F0C1A1F8774EC008DBF0E /* Dogs.storyboard */ = {isa = PBXFileReference; lastKnownFileType = file.storyboard; path = Dogs.storyboard; sourceTree = "<group>"; };
		084F0C1E1F877531008DBF0E /* DogsViewController.swift */ = {isa = PBXFileReference; lastKnownFileType = sourcecode.swift; path = DogsViewController.swift; sourceTree = "<group>"; };
		084F0C201F87754A008DBF0E /* DogsPresenter.swift */ = {isa = PBXFileReference; lastKnownFileType = sourcecode.swift; path = DogsPresenter.swift; sourceTree = "<group>"; };
		084F0C221F87756B008DBF0E /* DogsService.swift */ = {isa = PBXFileReference; lastKnownFileType = sourcecode.swift; path = DogsService.swift; sourceTree = "<group>"; };
		084F0C241F8775A7008DBF0E /* DogsProtocols.swift */ = {isa = PBXFileReference; lastKnownFileType = sourcecode.swift; path = DogsProtocols.swift; sourceTree = "<group>"; };
		084F0C261F877652008DBF0E /* DogsViewModel.swift */ = {isa = PBXFileReference; lastKnownFileType = sourcecode.swift; path = DogsViewModel.swift; sourceTree = "<group>"; };
		084F0C281F8776C3008DBF0E /* DogsResponsesModel.swift */ = {isa = PBXFileReference; lastKnownFileType = sourcecode.swift; path = DogsResponsesModel.swift; sourceTree = "<group>"; };
		084F0C2B1F8778D1008DBF0E /* DogsTableViewCell.swift */ = {isa = PBXFileReference; lastKnownFileType = sourcecode.swift; path = DogsTableViewCell.swift; sourceTree = "<group>"; };
		084F0C2F1F878159008DBF0E /* LoadingView.swift */ = {isa = PBXFileReference; lastKnownFileType = sourcecode.swift; path = LoadingView.swift; sourceTree = "<group>"; };
		084F0C341F87B0B2008DBF0E /* UIImageView+Extension.swift */ = {isa = PBXFileReference; lastKnownFileType = sourcecode.swift; path = "UIImageView+Extension.swift"; sourceTree = "<group>"; };
		084F0C3A1F87BC5C008DBF0E /* Detail.storyboard */ = {isa = PBXFileReference; lastKnownFileType = file.storyboard; path = Detail.storyboard; sourceTree = "<group>"; };
		084F0C3C1F87BC75008DBF0E /* DetailViewController.swift */ = {isa = PBXFileReference; lastKnownFileType = sourcecode.swift; path = DetailViewController.swift; sourceTree = "<group>"; };
		084F0C3E1F87BCE9008DBF0E /* DetailPresenter.swift */ = {isa = PBXFileReference; lastKnownFileType = sourcecode.swift; path = DetailPresenter.swift; sourceTree = "<group>"; };
		084F0C401F87BCF0008DBF0E /* DetailService.swift */ = {isa = PBXFileReference; lastKnownFileType = sourcecode.swift; path = DetailService.swift; sourceTree = "<group>"; };
		084F0C421F87BCFA008DBF0E /* DetailProtocols.swift */ = {isa = PBXFileReference; lastKnownFileType = sourcecode.swift; path = DetailProtocols.swift; sourceTree = "<group>"; };
		084F0C441F87BD4B008DBF0E /* BaseProtocols.swift */ = {isa = PBXFileReference; lastKnownFileType = sourcecode.swift; path = BaseProtocols.swift; sourceTree = "<group>"; };
		084F0C461F87BD79008DBF0E /* BaseViewController.swift */ = {isa = PBXFileReference; lastKnownFileType = sourcecode.swift; path = BaseViewController.swift; sourceTree = "<group>"; };
		084F0C481F87BE3A008DBF0E /* DetailResponseModel.swift */ = {isa = PBXFileReference; lastKnownFileType = sourcecode.swift; path = DetailResponseModel.swift; sourceTree = "<group>"; };
		084F0C4A1F87C2ED008DBF0E /* DetailViewModel.swift */ = {isa = PBXFileReference; lastKnownFileType = sourcecode.swift; path = DetailViewModel.swift; sourceTree = "<group>"; };
		084F0C4C1F87C41C008DBF0E /* DetailCollectionViewCell.swift */ = {isa = PBXFileReference; lastKnownFileType = sourcecode.swift; path = DetailCollectionViewCell.swift; sourceTree = "<group>"; };
/* End PBXFileReference section */

/* Begin PBXFrameworksBuildPhase section */
		084F0BE21F877456008DBF0E /* Frameworks */ = {
			isa = PBXFrameworksBuildPhase;
			buildActionMask = 2147483647;
			files = (
			);
			runOnlyForDeploymentPostprocessing = 0;
		};
		084F0BF61F877457008DBF0E /* Frameworks */ = {
			isa = PBXFrameworksBuildPhase;
			buildActionMask = 2147483647;
			files = (
			);
			runOnlyForDeploymentPostprocessing = 0;
		};
		084F0C011F877457008DBF0E /* Frameworks */ = {
			isa = PBXFrameworksBuildPhase;
			buildActionMask = 2147483647;
			files = (
			);
			runOnlyForDeploymentPostprocessing = 0;
		};
/* End PBXFrameworksBuildPhase section */

/* Begin PBXGroup section */
		084F0BDC1F877456008DBF0E = {
			isa = PBXGroup;
			children = (
				084F0BE71F877456008DBF0E /* SwiftMVP */,
				084F0BFC1F877457008DBF0E /* SwiftMVPTests */,
				084F0C071F877457008DBF0E /* SwiftMVPUITests */,
				084F0BE61F877456008DBF0E /* Products */,
			);
			sourceTree = "<group>";
		};
		084F0BE61F877456008DBF0E /* Products */ = {
			isa = PBXGroup;
			children = (
				084F0BE51F877456008DBF0E /* SwiftMVP.app */,
				084F0BF91F877457008DBF0E /* SwiftMVPTests.xctest */,
				084F0C041F877457008DBF0E /* SwiftMVPUITests.xctest */,
			);
			name = Products;
			sourceTree = "<group>";
		};
		084F0BE71F877456008DBF0E /* SwiftMVP */ = {
			isa = PBXGroup;
			children = (
				084F0C331F87B09D008DBF0E /* Extensions */,
				084F0C2D1F878139008DBF0E /* Common */,
				084F0C161F877477008DBF0E /* Modules */,
				084F0BE81F877456008DBF0E /* AppDelegate.swift */,
				084F0BEF1F877456008DBF0E /* Assets.xcassets */,
				084F0BF11F877456008DBF0E /* LaunchScreen.storyboard */,
				084F0BF41F877456008DBF0E /* Info.plist */,
			);
			path = SwiftMVP;
			sourceTree = "<group>";
		};
		084F0BFC1F877457008DBF0E /* SwiftMVPTests */ = {
			isa = PBXGroup;
			children = (
				084F0BFD1F877457008DBF0E /* SwiftMVPTests.swift */,
				084F0BFF1F877457008DBF0E /* Info.plist */,
			);
			path = SwiftMVPTests;
			sourceTree = "<group>";
		};
		084F0C071F877457008DBF0E /* SwiftMVPUITests */ = {
			isa = PBXGroup;
			children = (
				084F0C081F877457008DBF0E /* SwiftMVPUITests.swift */,
				084F0C0A1F877457008DBF0E /* Info.plist */,
			);
			path = SwiftMVPUITests;
			sourceTree = "<group>";
		};
		084F0C161F877477008DBF0E /* Modules */ = {
			isa = PBXGroup;
			children = (
				084F0C181F87749B008DBF0E /* DogDetail */,
				084F0C171F877490008DBF0E /* Dogs */,
			);
			path = Modules;
			sourceTree = "<group>";
		};
		084F0C171F877490008DBF0E /* Dogs */ = {
			isa = PBXGroup;
			children = (
				084F0C361F87BBE0008DBF0E /* Model */,
				084F0C2A1F8778BD008DBF0E /* View */,
				084F0C321F8794A0008DBF0E /* Presenter */,
				084F0C241F8775A7008DBF0E /* DogsProtocols.swift */,
			);
			path = Dogs;
			sourceTree = "<group>";
		};
		084F0C181F87749B008DBF0E /* DogDetail */ = {
			isa = PBXGroup;
			children = (
				084F0C371F87BC3D008DBF0E /* Model */,
				084F0C381F87BC43008DBF0E /* View */,
				084F0C391F87BC47008DBF0E /* Presenter */,
				084F0C421F87BCFA008DBF0E /* DetailProtocols.swift */,
			);
			path = DogDetail;
			sourceTree = "<group>";
		};
		084F0C2A1F8778BD008DBF0E /* View */ = {
			isa = PBXGroup;
			children = (
				084F0C1A1F8774EC008DBF0E /* Dogs.storyboard */,
				084F0C1E1F877531008DBF0E /* DogsViewController.swift */,
				084F0C2B1F8778D1008DBF0E /* DogsTableViewCell.swift */,
			);
			path = View;
			sourceTree = "<group>";
		};
		084F0C2D1F878139008DBF0E /* Common */ = {
			isa = PBXGroup;
			children = (
				084F0C2E1F87813E008DBF0E /* Views */,
				084F0C441F87BD4B008DBF0E /* BaseProtocols.swift */,
				084F0C461F87BD79008DBF0E /* BaseViewController.swift */,
			);
			path = Common;
			sourceTree = "<group>";
		};
		084F0C2E1F87813E008DBF0E /* Views */ = {
			isa = PBXGroup;
			children = (
				084F0C2F1F878159008DBF0E /* LoadingView.swift */,
			);
			path = Views;
			sourceTree = "<group>";
		};
		084F0C321F8794A0008DBF0E /* Presenter */ = {
			isa = PBXGroup;
			children = (
				084F0C201F87754A008DBF0E /* DogsPresenter.swift */,
				084F0C221F87756B008DBF0E /* DogsService.swift */,
			);
			path = Presenter;
			sourceTree = "<group>";
		};
		084F0C331F87B09D008DBF0E /* Extensions */ = {
			isa = PBXGroup;
			children = (
				084F0C341F87B0B2008DBF0E /* UIImageView+Extension.swift */,
			);
			path = Extensions;
			sourceTree = "<group>";
		};
		084F0C361F87BBE0008DBF0E /* Model */ = {
			isa = PBXGroup;
			children = (
				084F0C261F877652008DBF0E /* DogsViewModel.swift */,
				084F0C281F8776C3008DBF0E /* DogsResponsesModel.swift */,
			);
			path = Model;
			sourceTree = "<group>";
		};
		084F0C371F87BC3D008DBF0E /* Model */ = {
			isa = PBXGroup;
			children = (
				084F0C481F87BE3A008DBF0E /* DetailResponseModel.swift */,
				084F0C4A1F87C2ED008DBF0E /* DetailViewModel.swift */,
			);
			path = Model;
			sourceTree = "<group>";
		};
		084F0C381F87BC43008DBF0E /* View */ = {
			isa = PBXGroup;
			children = (
				084F0C3A1F87BC5C008DBF0E /* Detail.storyboard */,
				084F0C3C1F87BC75008DBF0E /* DetailViewController.swift */,
				084F0C4C1F87C41C008DBF0E /* DetailCollectionViewCell.swift */,
			);
			path = View;
			sourceTree = "<group>";
		};
		084F0C391F87BC47008DBF0E /* Presenter */ = {
			isa = PBXGroup;
			children = (
				084F0C3E1F87BCE9008DBF0E /* DetailPresenter.swift */,
				084F0C401F87BCF0008DBF0E /* DetailService.swift */,
			);
			path = Presenter;
			sourceTree = "<group>";
		};
/* End PBXGroup section */

/* Begin PBXNativeTarget section */
		084F0BE41F877456008DBF0E /* SwiftMVP */ = {
			isa = PBXNativeTarget;
			buildConfigurationList = 084F0C0D1F877457008DBF0E /* Build configuration list for PBXNativeTarget "SwiftMVP" */;
			buildPhases = (
				084F0BE11F877456008DBF0E /* Sources */,
				084F0BE21F877456008DBF0E /* Frameworks */,
				084F0BE31F877456008DBF0E /* Resources */,
			);
			buildRules = (
			);
			dependencies = (
			);
			name = SwiftMVP;
			productName = SwiftMVP;
			productReference = 084F0BE51F877456008DBF0E /* SwiftMVP.app */;
			productType = "com.apple.product-type.application";
		};
		084F0BF81F877457008DBF0E /* SwiftMVPTests */ = {
			isa = PBXNativeTarget;
			buildConfigurationList = 084F0C101F877457008DBF0E /* Build configuration list for PBXNativeTarget "SwiftMVPTests" */;
			buildPhases = (
				084F0BF51F877457008DBF0E /* Sources */,
				084F0BF61F877457008DBF0E /* Frameworks */,
				084F0BF71F877457008DBF0E /* Resources */,
			);
			buildRules = (
			);
			dependencies = (
				084F0BFB1F877457008DBF0E /* PBXTargetDependency */,
			);
			name = SwiftMVPTests;
			productName = SwiftMVPTests;
			productReference = 084F0BF91F877457008DBF0E /* SwiftMVPTests.xctest */;
			productType = "com.apple.product-type.bundle.unit-test";
		};
		084F0C031F877457008DBF0E /* SwiftMVPUITests */ = {
			isa = PBXNativeTarget;
			buildConfigurationList = 084F0C131F877457008DBF0E /* Build configuration list for PBXNativeTarget "SwiftMVPUITests" */;
			buildPhases = (
				084F0C001F877457008DBF0E /* Sources */,
				084F0C011F877457008DBF0E /* Frameworks */,
				084F0C021F877457008DBF0E /* Resources */,
			);
			buildRules = (
			);
			dependencies = (
				084F0C061F877457008DBF0E /* PBXTargetDependency */,
			);
			name = SwiftMVPUITests;
			productName = SwiftMVPUITests;
			productReference = 084F0C041F877457008DBF0E /* SwiftMVPUITests.xctest */;
			productType = "com.apple.product-type.bundle.ui-testing";
		};
/* End PBXNativeTarget section */

/* Begin PBXProject section */
		084F0BDD1F877456008DBF0E /* Project object */ = {
			isa = PBXProject;
			attributes = {
				LastSwiftUpdateCheck = 0900;
				LastUpgradeCheck = 0900;
				ORGANIZATIONNAME = "Sanchez Custodio, Abel";
				TargetAttributes = {
					084F0BE41F877456008DBF0E = {
						CreatedOnToolsVersion = 9.0;
						ProvisioningStyle = Automatic;
					};
					084F0BF81F877457008DBF0E = {
						CreatedOnToolsVersion = 9.0;
						ProvisioningStyle = Automatic;
						TestTargetID = 084F0BE41F877456008DBF0E;
					};
					084F0C031F877457008DBF0E = {
						CreatedOnToolsVersion = 9.0;
						ProvisioningStyle = Automatic;
						TestTargetID = 084F0BE41F877456008DBF0E;
					};
				};
			};
			buildConfigurationList = 084F0BE01F877456008DBF0E /* Build configuration list for PBXProject "SwiftMVP" */;
			compatibilityVersion = "Xcode 8.0";
			developmentRegion = en;
			hasScannedForEncodings = 0;
			knownRegions = (
				en,
				Base,
			);
			mainGroup = 084F0BDC1F877456008DBF0E;
			productRefGroup = 084F0BE61F877456008DBF0E /* Products */;
			projectDirPath = "";
			projectRoot = "";
			targets = (
				084F0BE41F877456008DBF0E /* SwiftMVP */,
				084F0BF81F877457008DBF0E /* SwiftMVPTests */,
				084F0C031F877457008DBF0E /* SwiftMVPUITests */,
			);
		};
/* End PBXProject section */

/* Begin PBXResourcesBuildPhase section */
		084F0BE31F877456008DBF0E /* Resources */ = {
			isa = PBXResourcesBuildPhase;
			buildActionMask = 2147483647;
			files = (
				084F0BF31F877456008DBF0E /* LaunchScreen.storyboard in Resources */,
				084F0BF01F877456008DBF0E /* Assets.xcassets in Resources */,
				084F0C1B1F8774EC008DBF0E /* Dogs.storyboard in Resources */,
				084F0C3B1F87BC5C008DBF0E /* Detail.storyboard in Resources */,
			);
			runOnlyForDeploymentPostprocessing = 0;
		};
		084F0BF71F877457008DBF0E /* Resources */ = {
			isa = PBXResourcesBuildPhase;
			buildActionMask = 2147483647;
			files = (
			);
			runOnlyForDeploymentPostprocessing = 0;
		};
		084F0C021F877457008DBF0E /* Resources */ = {
			isa = PBXResourcesBuildPhase;
			buildActionMask = 2147483647;
			files = (
			);
			runOnlyForDeploymentPostprocessing = 0;
		};
/* End PBXResourcesBuildPhase section */

/* Begin PBXSourcesBuildPhase section */
		084F0BE11F877456008DBF0E /* Sources */ = {
			isa = PBXSourcesBuildPhase;
			buildActionMask = 2147483647;
			files = (
				084F0C3D1F87BC75008DBF0E /* DetailViewController.swift in Sources */,
				084F0C351F87B0B2008DBF0E /* UIImageView+Extension.swift in Sources */,
				084F0C291F8776C3008DBF0E /* DogsResponsesModel.swift in Sources */,
				084F0C491F87BE3A008DBF0E /* DetailResponseModel.swift in Sources */,
				084F0C4D1F87C41C008DBF0E /* DetailCollectionViewCell.swift in Sources */,
				084F0C251F8775A7008DBF0E /* DogsProtocols.swift in Sources */,
				084F0C2C1F8778D1008DBF0E /* DogsTableViewCell.swift in Sources */,
				084F0C271F877652008DBF0E /* DogsViewModel.swift in Sources */,
				084F0C211F87754A008DBF0E /* DogsPresenter.swift in Sources */,
				084F0BE91F877456008DBF0E /* AppDelegate.swift in Sources */,
				084F0C231F87756B008DBF0E /* DogsService.swift in Sources */,
				084F0C1F1F877531008DBF0E /* DogsViewController.swift in Sources */,
				084F0C431F87BCFA008DBF0E /* DetailProtocols.swift in Sources */,
				084F0C411F87BCF0008DBF0E /* DetailService.swift in Sources */,
				084F0C4B1F87C2EE008DBF0E /* DetailViewModel.swift in Sources */,
				084F0C301F878159008DBF0E /* LoadingView.swift in Sources */,
				084F0C471F87BD79008DBF0E /* BaseViewController.swift in Sources */,
				084F0C3F1F87BCE9008DBF0E /* DetailPresenter.swift in Sources */,
				084F0C451F87BD4B008DBF0E /* BaseProtocols.swift in Sources */,
			);
			runOnlyForDeploymentPostprocessing = 0;
		};
		084F0BF51F877457008DBF0E /* Sources */ = {
			isa = PBXSourcesBuildPhase;
			buildActionMask = 2147483647;
			files = (
				084F0BFE1F877457008DBF0E /* SwiftMVPTests.swift in Sources */,
			);
			runOnlyForDeploymentPostprocessing = 0;
		};
		084F0C001F877457008DBF0E /* Sources */ = {
			isa = PBXSourcesBuildPhase;
			buildActionMask = 2147483647;
			files = (
				084F0C091F877457008DBF0E /* SwiftMVPUITests.swift in Sources */,
			);
			runOnlyForDeploymentPostprocessing = 0;
		};
/* End PBXSourcesBuildPhase section */

/* Begin PBXTargetDependency section */
		084F0BFB1F877457008DBF0E /* PBXTargetDependency */ = {
			isa = PBXTargetDependency;
			target = 084F0BE41F877456008DBF0E /* SwiftMVP */;
			targetProxy = 084F0BFA1F877457008DBF0E /* PBXContainerItemProxy */;
		};
		084F0C061F877457008DBF0E /* PBXTargetDependency */ = {
			isa = PBXTargetDependency;
			target = 084F0BE41F877456008DBF0E /* SwiftMVP */;
			targetProxy = 084F0C051F877457008DBF0E /* PBXContainerItemProxy */;
		};
/* End PBXTargetDependency section */

/* Begin PBXVariantGroup section */
		084F0BF11F877456008DBF0E /* LaunchScreen.storyboard */ = {
			isa = PBXVariantGroup;
			children = (
				084F0BF21F877456008DBF0E /* Base */,
			);
			name = LaunchScreen.storyboard;
			sourceTree = "<group>";
		};
/* End PBXVariantGroup section */

/* Begin XCBuildConfiguration section */
		084F0C0B1F877457008DBF0E /* Debug */ = {
			isa = XCBuildConfiguration;
			buildSettings = {
				ALWAYS_SEARCH_USER_PATHS = NO;
				CLANG_ANALYZER_NONNULL = YES;
				CLANG_ANALYZER_NUMBER_OBJECT_CONVERSION = YES_AGGRESSIVE;
				CLANG_CXX_LANGUAGE_STANDARD = "gnu++14";
				CLANG_CXX_LIBRARY = "libc++";
				CLANG_ENABLE_MODULES = YES;
				CLANG_ENABLE_OBJC_ARC = YES;
				CLANG_WARN_BLOCK_CAPTURE_AUTORELEASING = YES;
				CLANG_WARN_BOOL_CONVERSION = YES;
				CLANG_WARN_COMMA = YES;
				CLANG_WARN_CONSTANT_CONVERSION = YES;
				CLANG_WARN_DIRECT_OBJC_ISA_USAGE = YES_ERROR;
				CLANG_WARN_DOCUMENTATION_COMMENTS = YES;
				CLANG_WARN_EMPTY_BODY = YES;
				CLANG_WARN_ENUM_CONVERSION = YES;
				CLANG_WARN_INFINITE_RECURSION = YES;
				CLANG_WARN_INT_CONVERSION = YES;
				CLANG_WARN_NON_LITERAL_NULL_CONVERSION = YES;
				CLANG_WARN_OBJC_LITERAL_CONVERSION = YES;
				CLANG_WARN_OBJC_ROOT_CLASS = YES_ERROR;
				CLANG_WARN_RANGE_LOOP_ANALYSIS = YES;
				CLANG_WARN_STRICT_PROTOTYPES = YES;
				CLANG_WARN_SUSPICIOUS_MOVE = YES;
				CLANG_WARN_UNGUARDED_AVAILABILITY = YES_AGGRESSIVE;
				CLANG_WARN_UNREACHABLE_CODE = YES;
				CLANG_WARN__DUPLICATE_METHOD_MATCH = YES;
				CODE_SIGN_IDENTITY = "iPhone Developer";
				COPY_PHASE_STRIP = NO;
				DEBUG_INFORMATION_FORMAT = dwarf;
				ENABLE_STRICT_OBJC_MSGSEND = YES;
				ENABLE_TESTABILITY = YES;
				GCC_C_LANGUAGE_STANDARD = gnu11;
				GCC_DYNAMIC_NO_PIC = NO;
				GCC_NO_COMMON_BLOCKS = YES;
				GCC_OPTIMIZATION_LEVEL = 0;
				GCC_PREPROCESSOR_DEFINITIONS = (
					"DEBUG=1",
					"$(inherited)",
				);
				GCC_WARN_64_TO_32_BIT_CONVERSION = YES;
				GCC_WARN_ABOUT_RETURN_TYPE = YES_ERROR;
				GCC_WARN_UNDECLARED_SELECTOR = YES;
				GCC_WARN_UNINITIALIZED_AUTOS = YES_AGGRESSIVE;
				GCC_WARN_UNUSED_FUNCTION = YES;
				GCC_WARN_UNUSED_VARIABLE = YES;
				IPHONEOS_DEPLOYMENT_TARGET = 11.0;
				MTL_ENABLE_DEBUG_INFO = YES;
				ONLY_ACTIVE_ARCH = YES;
				SDKROOT = iphoneos;
				SWIFT_ACTIVE_COMPILATION_CONDITIONS = DEBUG;
				SWIFT_OPTIMIZATION_LEVEL = "-Onone";
			};
			name = Debug;
		};
		084F0C0C1F877457008DBF0E /* Release */ = {
			isa = XCBuildConfiguration;
			buildSettings = {
				ALWAYS_SEARCH_USER_PATHS = NO;
				CLANG_ANALYZER_NONNULL = YES;
				CLANG_ANALYZER_NUMBER_OBJECT_CONVERSION = YES_AGGRESSIVE;
				CLANG_CXX_LANGUAGE_STANDARD = "gnu++14";
				CLANG_CXX_LIBRARY = "libc++";
				CLANG_ENABLE_MODULES = YES;
				CLANG_ENABLE_OBJC_ARC = YES;
				CLANG_WARN_BLOCK_CAPTURE_AUTORELEASING = YES;
				CLANG_WARN_BOOL_CONVERSION = YES;
				CLANG_WARN_COMMA = YES;
				CLANG_WARN_CONSTANT_CONVERSION = YES;
				CLANG_WARN_DIRECT_OBJC_ISA_USAGE = YES_ERROR;
				CLANG_WARN_DOCUMENTATION_COMMENTS = YES;
				CLANG_WARN_EMPTY_BODY = YES;
				CLANG_WARN_ENUM_CONVERSION = YES;
				CLANG_WARN_INFINITE_RECURSION = YES;
				CLANG_WARN_INT_CONVERSION = YES;
				CLANG_WARN_NON_LITERAL_NULL_CONVERSION = YES;
				CLANG_WARN_OBJC_LITERAL_CONVERSION = YES;
				CLANG_WARN_OBJC_ROOT_CLASS = YES_ERROR;
				CLANG_WARN_RANGE_LOOP_ANALYSIS = YES;
				CLANG_WARN_STRICT_PROTOTYPES = YES;
				CLANG_WARN_SUSPICIOUS_MOVE = YES;
				CLANG_WARN_UNGUARDED_AVAILABILITY = YES_AGGRESSIVE;
				CLANG_WARN_UNREACHABLE_CODE = YES;
				CLANG_WARN__DUPLICATE_METHOD_MATCH = YES;
				CODE_SIGN_IDENTITY = "iPhone Developer";
				COPY_PHASE_STRIP = NO;
				DEBUG_INFORMATION_FORMAT = "dwarf-with-dsym";
				ENABLE_NS_ASSERTIONS = NO;
				ENABLE_STRICT_OBJC_MSGSEND = YES;
				GCC_C_LANGUAGE_STANDARD = gnu11;
				GCC_NO_COMMON_BLOCKS = YES;
				GCC_WARN_64_TO_32_BIT_CONVERSION = YES;
				GCC_WARN_ABOUT_RETURN_TYPE = YES_ERROR;
				GCC_WARN_UNDECLARED_SELECTOR = YES;
				GCC_WARN_UNINITIALIZED_AUTOS = YES_AGGRESSIVE;
				GCC_WARN_UNUSED_FUNCTION = YES;
				GCC_WARN_UNUSED_VARIABLE = YES;
				IPHONEOS_DEPLOYMENT_TARGET = 11.0;
				MTL_ENABLE_DEBUG_INFO = NO;
				SDKROOT = iphoneos;
				SWIFT_OPTIMIZATION_LEVEL = "-Owholemodule";
				VALIDATE_PRODUCT = YES;
			};
			name = Release;
		};
		084F0C0E1F877457008DBF0E /* Debug */ = {
			isa = XCBuildConfiguration;
			buildSettings = {
				ASSETCATALOG_COMPILER_APPICON_NAME = AppIcon;
				CODE_SIGN_STYLE = Automatic;
				DEVELOPMENT_TEAM = A8GM57A6DQ;
				INFOPLIST_FILE = SwiftMVP/Info.plist;
				LD_RUNPATH_SEARCH_PATHS = "$(inherited) @executable_path/Frameworks";
				PRODUCT_BUNDLE_IDENTIFIER = acsanchezcu.SwiftMVP;
				PRODUCT_NAME = "$(TARGET_NAME)";
				SWIFT_VERSION = 4.0;
				TARGETED_DEVICE_FAMILY = "1,2";
			};
			name = Debug;
		};
		084F0C0F1F877457008DBF0E /* Release */ = {
			isa = XCBuildConfiguration;
			buildSettings = {
				ASSETCATALOG_COMPILER_APPICON_NAME = AppIcon;
				CODE_SIGN_STYLE = Automatic;
				DEVELOPMENT_TEAM = A8GM57A6DQ;
				INFOPLIST_FILE = SwiftMVP/Info.plist;
				LD_RUNPATH_SEARCH_PATHS = "$(inherited) @executable_path/Frameworks";
				PRODUCT_BUNDLE_IDENTIFIER = acsanchezcu.SwiftMVP;
				PRODUCT_NAME = "$(TARGET_NAME)";
				SWIFT_VERSION = 4.0;
				TARGETED_DEVICE_FAMILY = "1,2";
			};
			name = Release;
		};
		084F0C111F877457008DBF0E /* Debug */ = {
			isa = XCBuildConfiguration;
			buildSettings = {
				ALWAYS_EMBED_SWIFT_STANDARD_LIBRARIES = YES;
				BUNDLE_LOADER = "$(TEST_HOST)";
				CODE_SIGN_STYLE = Automatic;
				DEVELOPMENT_TEAM = A8GM57A6DQ;
				INFOPLIST_FILE = SwiftMVPTests/Info.plist;
				LD_RUNPATH_SEARCH_PATHS = "$(inherited) @executable_path/Frameworks @loader_path/Frameworks";
				PRODUCT_BUNDLE_IDENTIFIER = acsanchezcu.SwiftMVPTests;
				PRODUCT_NAME = "$(TARGET_NAME)";
				SWIFT_VERSION = 4.0;
				TARGETED_DEVICE_FAMILY = "1,2";
				TEST_HOST = "$(BUILT_PRODUCTS_DIR)/SwiftMVP.app/SwiftMVP";
			};
			name = Debug;
		};
		084F0C121F877457008DBF0E /* Release */ = {
			isa = XCBuildConfiguration;
			buildSettings = {
				ALWAYS_EMBED_SWIFT_STANDARD_LIBRARIES = YES;
				BUNDLE_LOADER = "$(TEST_HOST)";
				CODE_SIGN_STYLE = Automatic;
				DEVELOPMENT_TEAM = A8GM57A6DQ;
				INFOPLIST_FILE = SwiftMVPTests/Info.plist;
				LD_RUNPATH_SEARCH_PATHS = "$(inherited) @executable_path/Frameworks @loader_path/Frameworks";
				PRODUCT_BUNDLE_IDENTIFIER = acsanchezcu.SwiftMVPTests;
				PRODUCT_NAME = "$(TARGET_NAME)";
				SWIFT_VERSION = 4.0;
				TARGETED_DEVICE_FAMILY = "1,2";
				TEST_HOST = "$(BUILT_PRODUCTS_DIR)/SwiftMVP.app/SwiftMVP";
			};
			name = Release;
		};
		084F0C141F877457008DBF0E /* Debug */ = {
			isa = XCBuildConfiguration;
			buildSettings = {
				ALWAYS_EMBED_SWIFT_STANDARD_LIBRARIES = YES;
				CODE_SIGN_STYLE = Automatic;
				DEVELOPMENT_TEAM = A8GM57A6DQ;
				INFOPLIST_FILE = SwiftMVPUITests/Info.plist;
				LD_RUNPATH_SEARCH_PATHS = "$(inherited) @executable_path/Frameworks @loader_path/Frameworks";
				PRODUCT_BUNDLE_IDENTIFIER = acsanchezcu.SwiftMVPUITests;
				PRODUCT_NAME = "$(TARGET_NAME)";
				SWIFT_VERSION = 4.0;
				TARGETED_DEVICE_FAMILY = "1,2";
				TEST_TARGET_NAME = SwiftMVP;
			};
			name = Debug;
		};
		084F0C151F877457008DBF0E /* Release */ = {
			isa = XCBuildConfiguration;
			buildSettings = {
				ALWAYS_EMBED_SWIFT_STANDARD_LIBRARIES = YES;
				CODE_SIGN_STYLE = Automatic;
				DEVELOPMENT_TEAM = A8GM57A6DQ;
				INFOPLIST_FILE = SwiftMVPUITests/Info.plist;
				LD_RUNPATH_SEARCH_PATHS = "$(inherited) @executable_path/Frameworks @loader_path/Frameworks";
				PRODUCT_BUNDLE_IDENTIFIER = acsanchezcu.SwiftMVPUITests;
				PRODUCT_NAME = "$(TARGET_NAME)";
				SWIFT_VERSION = 4.0;
				TARGETED_DEVICE_FAMILY = "1,2";
				TEST_TARGET_NAME = SwiftMVP;
			};
			name = Release;
		};
/* End XCBuildConfiguration section */

/* Begin XCConfigurationList section */
		084F0BE01F877456008DBF0E /* Build configuration list for PBXProject "SwiftMVP" */ = {
			isa = XCConfigurationList;
			buildConfigurations = (
				084F0C0B1F877457008DBF0E /* Debug */,
				084F0C0C1F877457008DBF0E /* Release */,
			);
			defaultConfigurationIsVisible = 0;
			defaultConfigurationName = Release;
		};
		084F0C0D1F877457008DBF0E /* Build configuration list for PBXNativeTarget "SwiftMVP" */ = {
			isa = XCConfigurationList;
			buildConfigurations = (
				084F0C0E1F877457008DBF0E /* Debug */,
				084F0C0F1F877457008DBF0E /* Release */,
			);
			defaultConfigurationIsVisible = 0;
			defaultConfigurationName = Release;
		};
		084F0C101F877457008DBF0E /* Build configuration list for PBXNativeTarget "SwiftMVPTests" */ = {
			isa = XCConfigurationList;
			buildConfigurations = (
				084F0C111F877457008DBF0E /* Debug */,
				084F0C121F877457008DBF0E /* Release */,
			);
			defaultConfigurationIsVisible = 0;
			defaultConfigurationName = Release;
		};
		084F0C131F877457008DBF0E /* Build configuration list for PBXNativeTarget "SwiftMVPUITests" */ = {
			isa = XCConfigurationList;
			buildConfigurations = (
				084F0C141F877457008DBF0E /* Debug */,
				084F0C151F877457008DBF0E /* Release */,
			);
			defaultConfigurationIsVisible = 0;
			defaultConfigurationName = Release;
		};
/* End XCConfigurationList section */
	};
	rootObject = 084F0BDD1F877456008DBF0E /* Project object */;
}
